// !$*UTF8*$!
{
	archiveVersion = 1;
	classes = {
	};
	objectVersion = 56;
	objects = {

/* Begin PBXBuildFile section */
		69F506E68187A5E366DC2DFC /* Pods_ToDo.framework in Frameworks */ = {isa = PBXBuildFile; fileRef = 9E590EFAC31CE05937651D7F /* Pods_ToDo.framework */; };
		6E1366292C406F0200EFEBFD /* CocoaLumberjack in Frameworks */ = {isa = PBXBuildFile; productRef = 6E1366282C406F0200EFEBFD /* CocoaLumberjack */; };
		6E13662B2C406F0200EFEBFD /* CocoaLumberjackSwift in Frameworks */ = {isa = PBXBuildFile; productRef = 6E13662A2C406F0200EFEBFD /* CocoaLumberjackSwift */; };
		6E13662D2C406F0200EFEBFD /* CocoaLumberjackSwiftLogBackend in Frameworks */ = {isa = PBXBuildFile; productRef = 6E13662C2C406F0200EFEBFD /* CocoaLumberjackSwiftLogBackend */; };
		6E13662F2C40744900EFEBFD /* URLSessionEXT.swift in Sources */ = {isa = PBXBuildFile; fileRef = 6E13662E2C40744900EFEBFD /* URLSessionEXT.swift */; };
		6E3B88332C35474600226077 /* Important.swift in Sources */ = {isa = PBXBuildFile; fileRef = 6E3B88322C35474600226077 /* Important.swift */; };
		6E3B88352C35543300226077 /* Color.swift in Sources */ = {isa = PBXBuildFile; fileRef = 6E3B88342C35543300226077 /* Color.swift */; };
		6E3B88372C35595900226077 /* ColorPicker.swift in Sources */ = {isa = PBXBuildFile; fileRef = 6E3B88362C35595900226077 /* ColorPicker.swift */; };
		6E6169392C35B57700968138 /* Image.swift in Sources */ = {isa = PBXBuildFile; fileRef = 6E6169382C35B57700968138 /* Image.swift */; };
		6E7961E62C495657007C5991 /* ManagerRequest.swift in Sources */ = {isa = PBXBuildFile; fileRef = 6E7961E52C495657007C5991 /* ManagerRequest.swift */; };
		6E7961E82C496086007C5991 /* ServerError.swift in Sources */ = {isa = PBXBuildFile; fileRef = 6E7961E72C496086007C5991 /* ServerError.swift */; };
		6E7961EA2C4A8ED8007C5991 /* URL+Token.swift in Sources */ = {isa = PBXBuildFile; fileRef = 6E7961E92C4A8ED8007C5991 /* URL+Token.swift */; };
		6E7961EC2C4A905E007C5991 /* TodoItemBackend.swift in Sources */ = {isa = PBXBuildFile; fileRef = 6E7961EB2C4A905E007C5991 /* TodoItemBackend.swift */; };
		6E796EE02C388D6500CB9323 /* Category.swift in Sources */ = {isa = PBXBuildFile; fileRef = 6E796EDF2C388D6500CB9323 /* Category.swift */; };
		6E796EE22C388D9E00CB9323 /* CategoryCache.swift in Sources */ = {isa = PBXBuildFile; fileRef = 6E796EE12C388D9E00CB9323 /* CategoryCache.swift */; };
		6E796EE42C38982C00CB9323 /* ListViewModel.swift in Sources */ = {isa = PBXBuildFile; fileRef = 6E796EE32C38982B00CB9323 /* ListViewModel.swift */; };
		6E796EE82C38AEB500CB9323 /* CalendarView.swift in Sources */ = {isa = PBXBuildFile; fileRef = 6E796EE72C38AEB500CB9323 /* CalendarView.swift */; };
		6E796EEA2C38B07600CB9323 /* ViewModifiers.swift in Sources */ = {isa = PBXBuildFile; fileRef = 6E796EE92C38B07600CB9323 /* ViewModifiers.swift */; };
		6E796EED2C38B21500CB9323 /* CategoryView.swift in Sources */ = {isa = PBXBuildFile; fileRef = 6E796EEC2C38B21500CB9323 /* CategoryView.swift */; };
		6E796EEF2C38B29000CB9323 /* CategoryViewController.swift in Sources */ = {isa = PBXBuildFile; fileRef = 6E796EEE2C38B29000CB9323 /* CategoryViewController.swift */; };
		6E796EF12C38B30F00CB9323 /* CategoryUIView.swift in Sources */ = {isa = PBXBuildFile; fileRef = 6E796EF02C38B30F00CB9323 /* CategoryUIView.swift */; };
		6E796EF32C38B41C00CB9323 /* CalendarTableViewCell.swift in Sources */ = {isa = PBXBuildFile; fileRef = 6E796EF22C38B41C00CB9323 /* CalendarTableViewCell.swift */; };
		6E796EF52C38B46300CB9323 /* CalendarCollectionViewCell.swift in Sources */ = {isa = PBXBuildFile; fileRef = 6E796EF42C38B46300CB9323 /* CalendarCollectionViewCell.swift */; };
		6E796EF72C38B4C300CB9323 /* CalendarTableViewHeader.swift in Sources */ = {isa = PBXBuildFile; fileRef = 6E796EF62C38B4C300CB9323 /* CalendarTableViewHeader.swift */; };
		6E796EF92C38B51300CB9323 /* ViewCalendar.swift in Sources */ = {isa = PBXBuildFile; fileRef = 6E796EF82C38B51300CB9323 /* ViewCalendar.swift */; };
		6E796EFB2C38B56B00CB9323 /* CalendarViewController.swift in Sources */ = {isa = PBXBuildFile; fileRef = 6E796EFA2C38B56B00CB9323 /* CalendarViewController.swift */; };
		6E796EFD2C38B65B00CB9323 /* CalendarViewModal.swift in Sources */ = {isa = PBXBuildFile; fileRef = 6E796EFC2C38B65B00CB9323 /* CalendarViewModal.swift */; };
		6E796EFF2C38B89400CB9323 /* SwipeActionsConfigurationBuilder.swift in Sources */ = {isa = PBXBuildFile; fileRef = 6E796EFE2C38B89400CB9323 /* SwipeActionsConfigurationBuilder.swift */; };
		6E796F012C38BAD200CB9323 /* CategoryTableViewCell.swift in Sources */ = {isa = PBXBuildFile; fileRef = 6E796F002C38BAD200CB9323 /* CategoryTableViewCell.swift */; };
		6E796F032C38BCF800CB9323 /* CategoryViewModel.swift in Sources */ = {isa = PBXBuildFile; fileRef = 6E796F022C38BCF800CB9323 /* CategoryViewModel.swift */; };
		6E796F052C38BF7300CB9323 /* NewCategoruUIView.swift in Sources */ = {isa = PBXBuildFile; fileRef = 6E796F042C38BF7300CB9323 /* NewCategoruUIView.swift */; };
		6E796F072C38BF8D00CB9323 /* NewCategoryViewController.swift in Sources */ = {isa = PBXBuildFile; fileRef = 6E796F062C38BF8D00CB9323 /* NewCategoryViewController.swift */; };
		6E796F092C38C0B300CB9323 /* BaseScrollable.swift in Sources */ = {isa = PBXBuildFile; fileRef = 6E796F082C38C0B300CB9323 /* BaseScrollable.swift */; };
		6E796F0B2C38C40D00CB9323 /* CategoryColorPicker.swift in Sources */ = {isa = PBXBuildFile; fileRef = 6E796F0A2C38C40D00CB9323 /* CategoryColorPicker.swift */; };
		6E8B39C12C49420B00B939FF /* NetworkingService.swift in Sources */ = {isa = PBXBuildFile; fileRef = 6E8B39C02C49420B00B939FF /* NetworkingService.swift */; };
		6E9CD87B2C4153F500BC2755 /* .swiftlint.yml in Resources */ = {isa = PBXBuildFile; fileRef = 6E9CD87A2C4153F500BC2755 /* .swiftlint.yml */; };
		6E9CD87D2C41AEAC00BC2755 /* Logger.swift in Sources */ = {isa = PBXBuildFile; fileRef = 6E9CD87C2C41AEAC00BC2755 /* Logger.swift */; };
		6E9CD87F2C41C8F400BC2755 /* FileCachePackage in Resources */ = {isa = PBXBuildFile; fileRef = 6E9CD87E2C41C8F400BC2755 /* FileCachePackage */; };
		6EAE57342C3451E300B56E02 /* ToDoItem+EXT+Json.swift in Sources */ = {isa = PBXBuildFile; fileRef = 6EAE57332C3451E300B56E02 /* ToDoItem+EXT+Json.swift */; };
		6EAE57362C3454A700B56E02 /* TodoItem+EXT+CVS.swift in Sources */ = {isa = PBXBuildFile; fileRef = 6EAE57352C3454A700B56E02 /* TodoItem+EXT+CVS.swift */; };
		6EAE57392C34627F00B56E02 /* ToDoItemsSorter.swift in Sources */ = {isa = PBXBuildFile; fileRef = 6EAE57382C34627F00B56E02 /* ToDoItemsSorter.swift */; };
		6EB8962D2C2AEF3E00ACE282 /* MainView.swift in Sources */ = {isa = PBXBuildFile; fileRef = 6EB8962C2C2AEF3E00ACE282 /* MainView.swift */; };
		6EB8962F2C2B07E900ACE282 /* ListRow.swift in Sources */ = {isa = PBXBuildFile; fileRef = 6EB8962E2C2B07E900ACE282 /* ListRow.swift */; };
		6EB896322C2C36C000ACE282 /* DateEXT.swift in Sources */ = {isa = PBXBuildFile; fileRef = 6EB896312C2C36C000ACE282 /* DateEXT.swift */; };
		6EB896352C2CB2C700ACE282 /* Title.swift in Sources */ = {isa = PBXBuildFile; fileRef = 6EB896342C2CB2C700ACE282 /* Title.swift */; };
		6EB896532C2EF03500ACE282 /* ViewModal.swift in Sources */ = {isa = PBXBuildFile; fileRef = 6EB896522C2EF03500ACE282 /* ViewModal.swift */; };
		6EB896552C2F669400ACE282 /* ModalView.swift in Sources */ = {isa = PBXBuildFile; fileRef = 6EB896542C2F669400ACE282 /* ModalView.swift */; };
		6EB896572C2F8C2200ACE282 /* ImpotancePicker.swift in Sources */ = {isa = PBXBuildFile; fileRef = 6EB896562C2F8C2200ACE282 /* ImpotancePicker.swift */; };
		6ED3A5F52C20372D000C3632 /* ToDoApp.swift in Sources */ = {isa = PBXBuildFile; fileRef = 6ED3A5F42C20372D000C3632 /* ToDoApp.swift */; };
		6ED3A5F72C20372D000C3632 /* ContentView.swift in Sources */ = {isa = PBXBuildFile; fileRef = 6ED3A5F62C20372D000C3632 /* ContentView.swift */; };
		6ED3A5F92C20372F000C3632 /* Assets.xcassets in Resources */ = {isa = PBXBuildFile; fileRef = 6ED3A5F82C20372F000C3632 /* Assets.xcassets */; };
		6ED3A5FC2C20372F000C3632 /* Preview Assets.xcassets in Resources */ = {isa = PBXBuildFile; fileRef = 6ED3A5FB2C20372F000C3632 /* Preview Assets.xcassets */; };
		6ED3A6032C2040A6000C3632 /* TodoItem.swift in Sources */ = {isa = PBXBuildFile; fileRef = 6ED3A6022C2040A6000C3632 /* TodoItem.swift */; };
		6EE7E0CE2C220A47005B1C2B /* FileCache.swift in Sources */ = {isa = PBXBuildFile; fileRef = 6EE7E0CD2C220A47005B1C2B /* FileCache.swift */; };
		6EE7E0D62C24CE45005B1C2B /* ToDoTests.swift in Sources */ = {isa = PBXBuildFile; fileRef = 6EE7E0D52C24CE45005B1C2B /* ToDoTests.swift */; };
		6EE7E0DD2C24CEAC005B1C2B /* ToDoItemTests.swift in Sources */ = {isa = PBXBuildFile; fileRef = 6EE7E0DC2C24CEAC005B1C2B /* ToDoItemTests.swift */; };
		E826C9980C113CB13C7B4173 /* Pods_ToDoTests.framework in Frameworks */ = {isa = PBXBuildFile; fileRef = BC9EC57FF0F1CE8BA3A969B1 /* Pods_ToDoTests.framework */; };
/* End PBXBuildFile section */

/* Begin PBXContainerItemProxy section */
		6EE7E0D72C24CE45005B1C2B /* PBXContainerItemProxy */ = {
			isa = PBXContainerItemProxy;
			containerPortal = 6ED3A5E92C20372D000C3632 /* Project object */;
			proxyType = 1;
			remoteGlobalIDString = 6ED3A5F02C20372D000C3632;
			remoteInfo = ToDo;
		};
/* End PBXContainerItemProxy section */

/* Begin PBXFileReference section */
		1BC2704E7CB311C1B007B93C /* Pods-ToDo.release.xcconfig */ = {isa = PBXFileReference; includeInIndex = 1; lastKnownFileType = text.xcconfig; name = "Pods-ToDo.release.xcconfig"; path = "Target Support Files/Pods-ToDo/Pods-ToDo.release.xcconfig"; sourceTree = "<group>"; };
		2B0BF5B3238593FD145359F0 /* Pods-ToDo.debug.xcconfig */ = {isa = PBXFileReference; includeInIndex = 1; lastKnownFileType = text.xcconfig; name = "Pods-ToDo.debug.xcconfig"; path = "Target Support Files/Pods-ToDo/Pods-ToDo.debug.xcconfig"; sourceTree = "<group>"; };
		6E13662E2C40744900EFEBFD /* URLSessionEXT.swift */ = {isa = PBXFileReference; lastKnownFileType = sourcecode.swift; path = URLSessionEXT.swift; sourceTree = "<group>"; };
		6E3B88322C35474600226077 /* Important.swift */ = {isa = PBXFileReference; lastKnownFileType = sourcecode.swift; path = Important.swift; sourceTree = "<group>"; };
		6E3B88342C35543300226077 /* Color.swift */ = {isa = PBXFileReference; lastKnownFileType = sourcecode.swift; path = Color.swift; sourceTree = "<group>"; };
		6E3B88362C35595900226077 /* ColorPicker.swift */ = {isa = PBXFileReference; lastKnownFileType = sourcecode.swift; path = ColorPicker.swift; sourceTree = "<group>"; };
		6E6169382C35B57700968138 /* Image.swift */ = {isa = PBXFileReference; lastKnownFileType = sourcecode.swift; path = Image.swift; sourceTree = "<group>"; };
		6E7961E52C495657007C5991 /* ManagerRequest.swift */ = {isa = PBXFileReference; lastKnownFileType = sourcecode.swift; path = ManagerRequest.swift; sourceTree = "<group>"; };
		6E7961E72C496086007C5991 /* ServerError.swift */ = {isa = PBXFileReference; lastKnownFileType = sourcecode.swift; path = ServerError.swift; sourceTree = "<group>"; };
		6E7961E92C4A8ED8007C5991 /* URL+Token.swift */ = {isa = PBXFileReference; lastKnownFileType = sourcecode.swift; path = "URL+Token.swift"; sourceTree = "<group>"; };
		6E7961EB2C4A905E007C5991 /* TodoItemBackend.swift */ = {isa = PBXFileReference; lastKnownFileType = sourcecode.swift; path = TodoItemBackend.swift; sourceTree = "<group>"; };
		6E796EDF2C388D6500CB9323 /* Category.swift */ = {isa = PBXFileReference; lastKnownFileType = sourcecode.swift; path = Category.swift; sourceTree = "<group>"; };
		6E796EE12C388D9E00CB9323 /* CategoryCache.swift */ = {isa = PBXFileReference; lastKnownFileType = sourcecode.swift; path = CategoryCache.swift; sourceTree = "<group>"; };
		6E796EE32C38982B00CB9323 /* ListViewModel.swift */ = {isa = PBXFileReference; lastKnownFileType = sourcecode.swift; path = ListViewModel.swift; sourceTree = "<group>"; };
		6E796EE72C38AEB500CB9323 /* CalendarView.swift */ = {isa = PBXFileReference; lastKnownFileType = sourcecode.swift; path = CalendarView.swift; sourceTree = "<group>"; };
		6E796EE92C38B07600CB9323 /* ViewModifiers.swift */ = {isa = PBXFileReference; lastKnownFileType = sourcecode.swift; path = ViewModifiers.swift; sourceTree = "<group>"; };
		6E796EEC2C38B21500CB9323 /* CategoryView.swift */ = {isa = PBXFileReference; lastKnownFileType = sourcecode.swift; path = CategoryView.swift; sourceTree = "<group>"; };
		6E796EEE2C38B29000CB9323 /* CategoryViewController.swift */ = {isa = PBXFileReference; lastKnownFileType = sourcecode.swift; path = CategoryViewController.swift; sourceTree = "<group>"; };
		6E796EF02C38B30F00CB9323 /* CategoryUIView.swift */ = {isa = PBXFileReference; lastKnownFileType = sourcecode.swift; path = CategoryUIView.swift; sourceTree = "<group>"; };
		6E796EF22C38B41C00CB9323 /* CalendarTableViewCell.swift */ = {isa = PBXFileReference; lastKnownFileType = sourcecode.swift; path = CalendarTableViewCell.swift; sourceTree = "<group>"; };
		6E796EF42C38B46300CB9323 /* CalendarCollectionViewCell.swift */ = {isa = PBXFileReference; lastKnownFileType = sourcecode.swift; path = CalendarCollectionViewCell.swift; sourceTree = "<group>"; };
		6E796EF62C38B4C300CB9323 /* CalendarTableViewHeader.swift */ = {isa = PBXFileReference; lastKnownFileType = sourcecode.swift; path = CalendarTableViewHeader.swift; sourceTree = "<group>"; };
		6E796EF82C38B51300CB9323 /* ViewCalendar.swift */ = {isa = PBXFileReference; lastKnownFileType = sourcecode.swift; path = ViewCalendar.swift; sourceTree = "<group>"; };
		6E796EFA2C38B56B00CB9323 /* CalendarViewController.swift */ = {isa = PBXFileReference; lastKnownFileType = sourcecode.swift; path = CalendarViewController.swift; sourceTree = "<group>"; };
		6E796EFC2C38B65B00CB9323 /* CalendarViewModal.swift */ = {isa = PBXFileReference; lastKnownFileType = sourcecode.swift; path = CalendarViewModal.swift; sourceTree = "<group>"; };
		6E796EFE2C38B89400CB9323 /* SwipeActionsConfigurationBuilder.swift */ = {isa = PBXFileReference; lastKnownFileType = sourcecode.swift; path = SwipeActionsConfigurationBuilder.swift; sourceTree = "<group>"; };
		6E796F002C38BAD200CB9323 /* CategoryTableViewCell.swift */ = {isa = PBXFileReference; lastKnownFileType = sourcecode.swift; path = CategoryTableViewCell.swift; sourceTree = "<group>"; };
		6E796F022C38BCF800CB9323 /* CategoryViewModel.swift */ = {isa = PBXFileReference; lastKnownFileType = sourcecode.swift; path = CategoryViewModel.swift; sourceTree = "<group>"; };
		6E796F042C38BF7300CB9323 /* NewCategoruUIView.swift */ = {isa = PBXFileReference; lastKnownFileType = sourcecode.swift; path = NewCategoruUIView.swift; sourceTree = "<group>"; };
		6E796F062C38BF8D00CB9323 /* NewCategoryViewController.swift */ = {isa = PBXFileReference; lastKnownFileType = sourcecode.swift; path = NewCategoryViewController.swift; sourceTree = "<group>"; };
		6E796F082C38C0B300CB9323 /* BaseScrollable.swift */ = {isa = PBXFileReference; lastKnownFileType = sourcecode.swift; path = BaseScrollable.swift; sourceTree = "<group>"; };
		6E796F0A2C38C40D00CB9323 /* CategoryColorPicker.swift */ = {isa = PBXFileReference; lastKnownFileType = sourcecode.swift; path = CategoryColorPicker.swift; sourceTree = "<group>"; };
		6E8B39C02C49420B00B939FF /* NetworkingService.swift */ = {isa = PBXFileReference; lastKnownFileType = sourcecode.swift; path = NetworkingService.swift; sourceTree = "<group>"; };
		6E9CD87A2C4153F500BC2755 /* .swiftlint.yml */ = {isa = PBXFileReference; lastKnownFileType = text.yaml; path = .swiftlint.yml; sourceTree = "<group>"; };
		6E9CD87C2C41AEAC00BC2755 /* Logger.swift */ = {isa = PBXFileReference; lastKnownFileType = sourcecode.swift; path = Logger.swift; sourceTree = "<group>"; };
		6E9CD87E2C41C8F400BC2755 /* FileCachePackage */ = {isa = PBXFileReference; lastKnownFileType = wrapper; path = FileCachePackage; sourceTree = "<group>"; };
		6EAE57332C3451E300B56E02 /* ToDoItem+EXT+Json.swift */ = {isa = PBXFileReference; lastKnownFileType = sourcecode.swift; path = "ToDoItem+EXT+Json.swift"; sourceTree = "<group>"; };
		6EAE57352C3454A700B56E02 /* TodoItem+EXT+CVS.swift */ = {isa = PBXFileReference; lastKnownFileType = sourcecode.swift; path = "TodoItem+EXT+CVS.swift"; sourceTree = "<group>"; };
		6EAE57382C34627F00B56E02 /* ToDoItemsSorter.swift */ = {isa = PBXFileReference; lastKnownFileType = sourcecode.swift; path = ToDoItemsSorter.swift; sourceTree = "<group>"; };
		6EB8962C2C2AEF3E00ACE282 /* MainView.swift */ = {isa = PBXFileReference; lastKnownFileType = sourcecode.swift; path = MainView.swift; sourceTree = "<group>"; };
		6EB8962E2C2B07E900ACE282 /* ListRow.swift */ = {isa = PBXFileReference; lastKnownFileType = sourcecode.swift; path = ListRow.swift; sourceTree = "<group>"; };
		6EB896312C2C36C000ACE282 /* DateEXT.swift */ = {isa = PBXFileReference; lastKnownFileType = sourcecode.swift; path = DateEXT.swift; sourceTree = "<group>"; };
		6EB896342C2CB2C700ACE282 /* Title.swift */ = {isa = PBXFileReference; lastKnownFileType = sourcecode.swift; path = Title.swift; sourceTree = "<group>"; };
		6EB896522C2EF03500ACE282 /* ViewModal.swift */ = {isa = PBXFileReference; lastKnownFileType = sourcecode.swift; path = ViewModal.swift; sourceTree = "<group>"; };
		6EB896542C2F669400ACE282 /* ModalView.swift */ = {isa = PBXFileReference; lastKnownFileType = sourcecode.swift; path = ModalView.swift; sourceTree = "<group>"; };
		6EB896562C2F8C2200ACE282 /* ImpotancePicker.swift */ = {isa = PBXFileReference; lastKnownFileType = sourcecode.swift; path = ImpotancePicker.swift; sourceTree = "<group>"; };
		6ED3A5F12C20372D000C3632 /* ToDo.app */ = {isa = PBXFileReference; explicitFileType = wrapper.application; includeInIndex = 0; path = ToDo.app; sourceTree = BUILT_PRODUCTS_DIR; };
		6ED3A5F42C20372D000C3632 /* ToDoApp.swift */ = {isa = PBXFileReference; lastKnownFileType = sourcecode.swift; path = ToDoApp.swift; sourceTree = "<group>"; };
		6ED3A5F62C20372D000C3632 /* ContentView.swift */ = {isa = PBXFileReference; lastKnownFileType = sourcecode.swift; path = ContentView.swift; sourceTree = "<group>"; };
		6ED3A5F82C20372F000C3632 /* Assets.xcassets */ = {isa = PBXFileReference; lastKnownFileType = folder.assetcatalog; path = Assets.xcassets; sourceTree = "<group>"; };
		6ED3A5FB2C20372F000C3632 /* Preview Assets.xcassets */ = {isa = PBXFileReference; lastKnownFileType = folder.assetcatalog; path = "Preview Assets.xcassets"; sourceTree = "<group>"; };
		6ED3A6022C2040A6000C3632 /* TodoItem.swift */ = {isa = PBXFileReference; lastKnownFileType = sourcecode.swift; path = TodoItem.swift; sourceTree = "<group>"; };
		6EE7E0CD2C220A47005B1C2B /* FileCache.swift */ = {isa = PBXFileReference; lastKnownFileType = sourcecode.swift; path = FileCache.swift; sourceTree = "<group>"; };
		6EE7E0D32C24CE44005B1C2B /* ToDoTests.xctest */ = {isa = PBXFileReference; explicitFileType = wrapper.cfbundle; includeInIndex = 0; path = ToDoTests.xctest; sourceTree = BUILT_PRODUCTS_DIR; };
		6EE7E0D52C24CE45005B1C2B /* ToDoTests.swift */ = {isa = PBXFileReference; lastKnownFileType = sourcecode.swift; path = ToDoTests.swift; sourceTree = "<group>"; };
		6EE7E0DC2C24CEAC005B1C2B /* ToDoItemTests.swift */ = {isa = PBXFileReference; lastKnownFileType = sourcecode.swift; path = ToDoItemTests.swift; sourceTree = "<group>"; };
		7B568300310B89FA4A54BFEF /* Pods-ToDoTests.debug.xcconfig */ = {isa = PBXFileReference; includeInIndex = 1; lastKnownFileType = text.xcconfig; name = "Pods-ToDoTests.debug.xcconfig"; path = "Target Support Files/Pods-ToDoTests/Pods-ToDoTests.debug.xcconfig"; sourceTree = "<group>"; };
		9E590EFAC31CE05937651D7F /* Pods_ToDo.framework */ = {isa = PBXFileReference; explicitFileType = wrapper.framework; includeInIndex = 0; path = Pods_ToDo.framework; sourceTree = BUILT_PRODUCTS_DIR; };
		BC9EC57FF0F1CE8BA3A969B1 /* Pods_ToDoTests.framework */ = {isa = PBXFileReference; explicitFileType = wrapper.framework; includeInIndex = 0; path = Pods_ToDoTests.framework; sourceTree = BUILT_PRODUCTS_DIR; };
		F6B719C1CF243F5EEBCA2170 /* Pods-ToDoTests.release.xcconfig */ = {isa = PBXFileReference; includeInIndex = 1; lastKnownFileType = text.xcconfig; name = "Pods-ToDoTests.release.xcconfig"; path = "Target Support Files/Pods-ToDoTests/Pods-ToDoTests.release.xcconfig"; sourceTree = "<group>"; };
/* End PBXFileReference section */

/* Begin PBXFrameworksBuildPhase section */
		6ED3A5EE2C20372D000C3632 /* Frameworks */ = {
			isa = PBXFrameworksBuildPhase;
			buildActionMask = 2147483647;
			files = (
				6E13662B2C406F0200EFEBFD /* CocoaLumberjackSwift in Frameworks */,
				6E13662D2C406F0200EFEBFD /* CocoaLumberjackSwiftLogBackend in Frameworks */,
				6E1366292C406F0200EFEBFD /* CocoaLumberjack in Frameworks */,
				69F506E68187A5E366DC2DFC /* Pods_ToDo.framework in Frameworks */,
			);
			runOnlyForDeploymentPostprocessing = 0;
		};
		6EE7E0D02C24CE44005B1C2B /* Frameworks */ = {
			isa = PBXFrameworksBuildPhase;
			buildActionMask = 2147483647;
			files = (
				E826C9980C113CB13C7B4173 /* Pods_ToDoTests.framework in Frameworks */,
			);
			runOnlyForDeploymentPostprocessing = 0;
		};
/* End PBXFrameworksBuildPhase section */

/* Begin PBXGroup section */
		28013126474714DFA22E3424 /* Pods */ = {
			isa = PBXGroup;
			children = (
				2B0BF5B3238593FD145359F0 /* Pods-ToDo.debug.xcconfig */,
				1BC2704E7CB311C1B007B93C /* Pods-ToDo.release.xcconfig */,
				7B568300310B89FA4A54BFEF /* Pods-ToDoTests.debug.xcconfig */,
				F6B719C1CF243F5EEBCA2170 /* Pods-ToDoTests.release.xcconfig */,
			);
			path = Pods;
			sourceTree = "<group>";
		};
		6E796EE62C38AE9A00CB9323 /* UIKit */ = {
			isa = PBXGroup;
			children = (
				6E796EEB2C38B1F400CB9323 /* Category */,
				6E796EE72C38AEB500CB9323 /* CalendarView.swift */,
				6E796EFA2C38B56B00CB9323 /* CalendarViewController.swift */,
				6E796EF22C38B41C00CB9323 /* CalendarTableViewCell.swift */,
				6E796EF42C38B46300CB9323 /* CalendarCollectionViewCell.swift */,
				6E796EF62C38B4C300CB9323 /* CalendarTableViewHeader.swift */,
				6E796EF82C38B51300CB9323 /* ViewCalendar.swift */,
				6E796F082C38C0B300CB9323 /* BaseScrollable.swift */,
			);
			path = UIKit;
			sourceTree = "<group>";
		};
		6E796EEB2C38B1F400CB9323 /* Category */ = {
			isa = PBXGroup;
			children = (
				6E796EEC2C38B21500CB9323 /* CategoryView.swift */,
				6E796EEE2C38B29000CB9323 /* CategoryViewController.swift */,
				6E796EF02C38B30F00CB9323 /* CategoryUIView.swift */,
				6E796F002C38BAD200CB9323 /* CategoryTableViewCell.swift */,
				6E796F042C38BF7300CB9323 /* NewCategoruUIView.swift */,
				6E796F062C38BF8D00CB9323 /* NewCategoryViewController.swift */,
			);
			path = Category;
			sourceTree = "<group>";
		};
		6E8B39BF2C4941EA00B939FF /* NetworkingService */ = {
			isa = PBXGroup;
			children = (
				6E8B39C02C49420B00B939FF /* NetworkingService.swift */,
				6E7961E52C495657007C5991 /* ManagerRequest.swift */,
				6E7961E72C496086007C5991 /* ServerError.swift */,
				6E7961E92C4A8ED8007C5991 /* URL+Token.swift */,
			);
			path = NetworkingService;
			sourceTree = "<group>";
		};
		6EAE57372C3455C500B56E02 /* Service */ = {
			isa = PBXGroup;
			children = (
				6E8B39BF2C4941EA00B939FF /* NetworkingService */,
				6EE7E0CD2C220A47005B1C2B /* FileCache.swift */,
				6EAE57382C34627F00B56E02 /* ToDoItemsSorter.swift */,
				6E796EE12C388D9E00CB9323 /* CategoryCache.swift */,
				6E796EFE2C38B89400CB9323 /* SwipeActionsConfigurationBuilder.swift */,
				6E13662E2C40744900EFEBFD /* URLSessionEXT.swift */,
				6E9CD87C2C41AEAC00BC2755 /* Logger.swift */,
			);
			path = Service;
			sourceTree = "<group>";
		};
		6EB8962B2C2AEF1200ACE282 /* Views */ = {
			isa = PBXGroup;
			children = (
				6E796EE62C38AE9A00CB9323 /* UIKit */,
				6EB8962C2C2AEF3E00ACE282 /* MainView.swift */,
				6EB8962E2C2B07E900ACE282 /* ListRow.swift */,
				6EB896542C2F669400ACE282 /* ModalView.swift */,
				6EB896562C2F8C2200ACE282 /* ImpotancePicker.swift */,
				6E3B88362C35595900226077 /* ColorPicker.swift */,
				6E796F0A2C38C40D00CB9323 /* CategoryColorPicker.swift */,
			);
			path = Views;
			sourceTree = "<group>";
		};
		6EB896302C2C369A00ACE282 /* Extensions */ = {
			isa = PBXGroup;
			children = (
				6EB896312C2C36C000ACE282 /* DateEXT.swift */,
				6EAE57332C3451E300B56E02 /* ToDoItem+EXT+Json.swift */,
				6EAE57352C3454A700B56E02 /* TodoItem+EXT+CVS.swift */,
				6E3B88342C35543300226077 /* Color.swift */,
				6E6169382C35B57700968138 /* Image.swift */,
				6E796EE92C38B07600CB9323 /* ViewModifiers.swift */,
			);
			path = Extensions;
			sourceTree = "<group>";
		};
		6EB896332C2CB2B000ACE282 /* Model */ = {
			isa = PBXGroup;
			children = (
				6ED3A6022C2040A6000C3632 /* TodoItem.swift */,
				6EB896342C2CB2C700ACE282 /* Title.swift */,
				6EB896522C2EF03500ACE282 /* ViewModal.swift */,
				6E3B88322C35474600226077 /* Important.swift */,
				6E796EDF2C388D6500CB9323 /* Category.swift */,
				6E796EE32C38982B00CB9323 /* ListViewModel.swift */,
				6E796EFC2C38B65B00CB9323 /* CalendarViewModal.swift */,
				6E796F022C38BCF800CB9323 /* CategoryViewModel.swift */,
				6E7961EB2C4A905E007C5991 /* TodoItemBackend.swift */,
			);
			path = Model;
			sourceTree = "<group>";
		};
		6ED3A5E82C20372D000C3632 = {
			isa = PBXGroup;
			children = (
				6E9CD87E2C41C8F400BC2755 /* FileCachePackage */,
				6E9CD87A2C4153F500BC2755 /* .swiftlint.yml */,
				6ED3A5F32C20372D000C3632 /* ToDo */,
				6EE7E0D42C24CE45005B1C2B /* ToDoTests */,
				6ED3A5F22C20372D000C3632 /* Products */,
				28013126474714DFA22E3424 /* Pods */,
				AC726A968EFB100155AF9185 /* Frameworks */,
			);
			sourceTree = "<group>";
		};
		6ED3A5F22C20372D000C3632 /* Products */ = {
			isa = PBXGroup;
			children = (
				6ED3A5F12C20372D000C3632 /* ToDo.app */,
				6EE7E0D32C24CE44005B1C2B /* ToDoTests.xctest */,
			);
			name = Products;
			sourceTree = "<group>";
		};
		6ED3A5F32C20372D000C3632 /* ToDo */ = {
			isa = PBXGroup;
			children = (
				6EAE57372C3455C500B56E02 /* Service */,
				6EB896332C2CB2B000ACE282 /* Model */,
				6EB896302C2C369A00ACE282 /* Extensions */,
				6EB8962B2C2AEF1200ACE282 /* Views */,
				6ED3A5F42C20372D000C3632 /* ToDoApp.swift */,
				6ED3A5F62C20372D000C3632 /* ContentView.swift */,
				6ED3A5F82C20372F000C3632 /* Assets.xcassets */,
				6ED3A5FA2C20372F000C3632 /* Preview Content */,
			);
			path = ToDo;
			sourceTree = "<group>";
		};
		6ED3A5FA2C20372F000C3632 /* Preview Content */ = {
			isa = PBXGroup;
			children = (
				6ED3A5FB2C20372F000C3632 /* Preview Assets.xcassets */,
			);
			path = "Preview Content";
			sourceTree = "<group>";
		};
		6EE7E0D42C24CE45005B1C2B /* ToDoTests */ = {
			isa = PBXGroup;
			children = (
				6EE7E0D52C24CE45005B1C2B /* ToDoTests.swift */,
				6EE7E0DC2C24CEAC005B1C2B /* ToDoItemTests.swift */,
			);
			path = ToDoTests;
			sourceTree = "<group>";
		};
		AC726A968EFB100155AF9185 /* Frameworks */ = {
			isa = PBXGroup;
			children = (
				9E590EFAC31CE05937651D7F /* Pods_ToDo.framework */,
				BC9EC57FF0F1CE8BA3A969B1 /* Pods_ToDoTests.framework */,
			);
			name = Frameworks;
			sourceTree = "<group>";
		};
/* End PBXGroup section */

/* Begin PBXNativeTarget section */
		6ED3A5F02C20372D000C3632 /* ToDo */ = {
			isa = PBXNativeTarget;
			buildConfigurationList = 6ED3A5FF2C20372F000C3632 /* Build configuration list for PBXNativeTarget "ToDo" */;
			buildPhases = (
				6E411BFA2C40854800BEB2F8 /* ShellScript */,
				079408164807528628F851BA /* [CP] Check Pods Manifest.lock */,
				6ED3A5ED2C20372D000C3632 /* Sources */,
				6ED3A5EE2C20372D000C3632 /* Frameworks */,
				6ED3A5EF2C20372D000C3632 /* Resources */,
			);
			buildRules = (
			);
			dependencies = (
			);
			name = ToDo;
			packageProductDependencies = (
				6E1366282C406F0200EFEBFD /* CocoaLumberjack */,
				6E13662A2C406F0200EFEBFD /* CocoaLumberjackSwift */,
				6E13662C2C406F0200EFEBFD /* CocoaLumberjackSwiftLogBackend */,
			);
			productName = ToDo;
			productReference = 6ED3A5F12C20372D000C3632 /* ToDo.app */;
			productType = "com.apple.product-type.application";
		};
		6EE7E0D22C24CE44005B1C2B /* ToDoTests */ = {
			isa = PBXNativeTarget;
			buildConfigurationList = 6EE7E0DB2C24CE45005B1C2B /* Build configuration list for PBXNativeTarget "ToDoTests" */;
			buildPhases = (
				1F4B7390E52CBBD0B5ADA237 /* [CP] Check Pods Manifest.lock */,
				6EE7E0CF2C24CE44005B1C2B /* Sources */,
				6EE7E0D02C24CE44005B1C2B /* Frameworks */,
				6EE7E0D12C24CE44005B1C2B /* Resources */,
			);
			buildRules = (
			);
			dependencies = (
				6EE7E0D82C24CE45005B1C2B /* PBXTargetDependency */,
			);
			name = ToDoTests;
			productName = ToDoTests;
			productReference = 6EE7E0D32C24CE44005B1C2B /* ToDoTests.xctest */;
			productType = "com.apple.product-type.bundle.unit-test";
		};
/* End PBXNativeTarget section */

/* Begin PBXProject section */
		6ED3A5E92C20372D000C3632 /* Project object */ = {
			isa = PBXProject;
			attributes = {
				BuildIndependentTargetsInParallel = 1;
				LastSwiftUpdateCheck = 1530;
				LastUpgradeCheck = 1530;
				TargetAttributes = {
					6ED3A5F02C20372D000C3632 = {
						CreatedOnToolsVersion = 15.3;
					};
					6EE7E0D22C24CE44005B1C2B = {
						CreatedOnToolsVersion = 15.3;
						TestTargetID = 6ED3A5F02C20372D000C3632;
					};
				};
			};
			buildConfigurationList = 6ED3A5EC2C20372D000C3632 /* Build configuration list for PBXProject "ToDo" */;
			compatibilityVersion = "Xcode 14.0";
			developmentRegion = en;
			hasScannedForEncodings = 0;
			knownRegions = (
				en,
				Base,
			);
			mainGroup = 6ED3A5E82C20372D000C3632;
			packageReferences = (
				6E1366272C406F0200EFEBFD /* XCRemoteSwiftPackageReference "CocoaLumberjack" */,
			);
			productRefGroup = 6ED3A5F22C20372D000C3632 /* Products */;
			projectDirPath = "";
			projectRoot = "";
			targets = (
				6ED3A5F02C20372D000C3632 /* ToDo */,
				6EE7E0D22C24CE44005B1C2B /* ToDoTests */,
			);
		};
/* End PBXProject section */

/* Begin PBXResourcesBuildPhase section */
		6ED3A5EF2C20372D000C3632 /* Resources */ = {
			isa = PBXResourcesBuildPhase;
			buildActionMask = 2147483647;
			files = (
				6E9CD87F2C41C8F400BC2755 /* FileCachePackage in Resources */,
				6E9CD87B2C4153F500BC2755 /* .swiftlint.yml in Resources */,
				6ED3A5FC2C20372F000C3632 /* Preview Assets.xcassets in Resources */,
				6ED3A5F92C20372F000C3632 /* Assets.xcassets in Resources */,
			);
			runOnlyForDeploymentPostprocessing = 0;
		};
		6EE7E0D12C24CE44005B1C2B /* Resources */ = {
			isa = PBXResourcesBuildPhase;
			buildActionMask = 2147483647;
			files = (
			);
			runOnlyForDeploymentPostprocessing = 0;
		};
/* End PBXResourcesBuildPhase section */

/* Begin PBXShellScriptBuildPhase section */
		079408164807528628F851BA /* [CP] Check Pods Manifest.lock */ = {
			isa = PBXShellScriptBuildPhase;
			buildActionMask = 2147483647;
			files = (
			);
			inputFileListPaths = (
			);
			inputPaths = (
				"${PODS_PODFILE_DIR_PATH}/Podfile.lock",
				"${PODS_ROOT}/Manifest.lock",
			);
			name = "[CP] Check Pods Manifest.lock";
			outputFileListPaths = (
			);
			outputPaths = (
				"$(DERIVED_FILE_DIR)/Pods-ToDo-checkManifestLockResult.txt",
			);
			runOnlyForDeploymentPostprocessing = 0;
			shellPath = /bin/sh;
			shellScript = "diff \"${PODS_PODFILE_DIR_PATH}/Podfile.lock\" \"${PODS_ROOT}/Manifest.lock\" > /dev/null\nif [ $? != 0 ] ; then\n    # print error to STDERR\n    echo \"error: The sandbox is not in sync with the Podfile.lock. Run 'pod install' or update your CocoaPods installation.\" >&2\n    exit 1\nfi\n# This output is used by Xcode 'outputs' to avoid re-running this script phase.\necho \"SUCCESS\" > \"${SCRIPT_OUTPUT_FILE_0}\"\n";
			showEnvVarsInLog = 0;
		};
		1F4B7390E52CBBD0B5ADA237 /* [CP] Check Pods Manifest.lock */ = {
			isa = PBXShellScriptBuildPhase;
			buildActionMask = 2147483647;
			files = (
			);
			inputFileListPaths = (
			);
			inputPaths = (
				"${PODS_PODFILE_DIR_PATH}/Podfile.lock",
				"${PODS_ROOT}/Manifest.lock",
			);
			name = "[CP] Check Pods Manifest.lock";
			outputFileListPaths = (
			);
			outputPaths = (
				"$(DERIVED_FILE_DIR)/Pods-ToDoTests-checkManifestLockResult.txt",
			);
			runOnlyForDeploymentPostprocessing = 0;
			shellPath = /bin/sh;
			shellScript = "diff \"${PODS_PODFILE_DIR_PATH}/Podfile.lock\" \"${PODS_ROOT}/Manifest.lock\" > /dev/null\nif [ $? != 0 ] ; then\n    # print error to STDERR\n    echo \"error: The sandbox is not in sync with the Podfile.lock. Run 'pod install' or update your CocoaPods installation.\" >&2\n    exit 1\nfi\n# This output is used by Xcode 'outputs' to avoid re-running this script phase.\necho \"SUCCESS\" > \"${SCRIPT_OUTPUT_FILE_0}\"\n";
			showEnvVarsInLog = 0;
		};
		6E411BFA2C40854800BEB2F8 /* ShellScript */ = {
			isa = PBXShellScriptBuildPhase;
			buildActionMask = 2147483647;
			files = (
			);
			inputFileListPaths = (
			);
			inputPaths = (
			);
			outputFileListPaths = (
			);
			outputPaths = (
			);
			runOnlyForDeploymentPostprocessing = 0;
			shellPath = /bin/sh;
			shellScript = "${PODS_ROOT}/SwiftLint/swiftlint\n# Type a script or drag a script file from your workspace to insert its path.\n";
		};
/* End PBXShellScriptBuildPhase section */

/* Begin PBXSourcesBuildPhase section */
		6ED3A5ED2C20372D000C3632 /* Sources */ = {
			isa = PBXSourcesBuildPhase;
			buildActionMask = 2147483647;
			files = (
				6E796EE22C388D9E00CB9323 /* CategoryCache.swift in Sources */,
				6EB896572C2F8C2200ACE282 /* ImpotancePicker.swift in Sources */,
				6E796EE42C38982C00CB9323 /* ListViewModel.swift in Sources */,
				6E6169392C35B57700968138 /* Image.swift in Sources */,
				6E796EE02C388D6500CB9323 /* Category.swift in Sources */,
				6E3B88332C35474600226077 /* Important.swift in Sources */,
				6E796EF72C38B4C300CB9323 /* CalendarTableViewHeader.swift in Sources */,
				6E796F032C38BCF800CB9323 /* CategoryViewModel.swift in Sources */,
				6E796EE82C38AEB500CB9323 /* CalendarView.swift in Sources */,
				6EAE57362C3454A700B56E02 /* TodoItem+EXT+CVS.swift in Sources */,
				6E796EF52C38B46300CB9323 /* CalendarCollectionViewCell.swift in Sources */,
				6EAE57392C34627F00B56E02 /* ToDoItemsSorter.swift in Sources */,
				6EB896352C2CB2C700ACE282 /* Title.swift in Sources */,
				6E796EFB2C38B56B00CB9323 /* CalendarViewController.swift in Sources */,
				6E796EFF2C38B89400CB9323 /* SwipeActionsConfigurationBuilder.swift in Sources */,
				6E3B88352C35543300226077 /* Color.swift in Sources */,
				6ED3A5F72C20372D000C3632 /* ContentView.swift in Sources */,
				6ED3A6032C2040A6000C3632 /* TodoItem.swift in Sources */,
				6EAE57342C3451E300B56E02 /* ToDoItem+EXT+Json.swift in Sources */,
				6E7961E62C495657007C5991 /* ManagerRequest.swift in Sources */,
				6E796EED2C38B21500CB9323 /* CategoryView.swift in Sources */,
				6E7961EA2C4A8ED8007C5991 /* URL+Token.swift in Sources */,
				6E9CD87D2C41AEAC00BC2755 /* Logger.swift in Sources */,
				6E7961EC2C4A905E007C5991 /* TodoItemBackend.swift in Sources */,
				6E796EEA2C38B07600CB9323 /* ViewModifiers.swift in Sources */,
				6EB8962F2C2B07E900ACE282 /* ListRow.swift in Sources */,
				6E13662F2C40744900EFEBFD /* URLSessionEXT.swift in Sources */,
				6E796EFD2C38B65B00CB9323 /* CalendarViewModal.swift in Sources */,
				6EB896552C2F669400ACE282 /* ModalView.swift in Sources */,
				6EB896322C2C36C000ACE282 /* DateEXT.swift in Sources */,
				6E796F072C38BF8D00CB9323 /* NewCategoryViewController.swift in Sources */,
				6EE7E0CE2C220A47005B1C2B /* FileCache.swift in Sources */,
				6E796F0B2C38C40D00CB9323 /* CategoryColorPicker.swift in Sources */,
				6E796EF12C38B30F00CB9323 /* CategoryUIView.swift in Sources */,
				6E796F052C38BF7300CB9323 /* NewCategoruUIView.swift in Sources */,
				6E796F092C38C0B300CB9323 /* BaseScrollable.swift in Sources */,
				6E7961E82C496086007C5991 /* ServerError.swift in Sources */,
				6E8B39C12C49420B00B939FF /* NetworkingService.swift in Sources */,
				6E796EEF2C38B29000CB9323 /* CategoryViewController.swift in Sources */,
				6E796EF92C38B51300CB9323 /* ViewCalendar.swift in Sources */,
				6E3B88372C35595900226077 /* ColorPicker.swift in Sources */,
				6EB8962D2C2AEF3E00ACE282 /* MainView.swift in Sources */,
				6ED3A5F52C20372D000C3632 /* ToDoApp.swift in Sources */,
				6EB896532C2EF03500ACE282 /* ViewModal.swift in Sources */,
				6E796EF32C38B41C00CB9323 /* CalendarTableViewCell.swift in Sources */,
				6E796F012C38BAD200CB9323 /* CategoryTableViewCell.swift in Sources */,
			);
			runOnlyForDeploymentPostprocessing = 0;
		};
		6EE7E0CF2C24CE44005B1C2B /* Sources */ = {
			isa = PBXSourcesBuildPhase;
			buildActionMask = 2147483647;
			files = (
				6EE7E0DD2C24CEAC005B1C2B /* ToDoItemTests.swift in Sources */,
				6EE7E0D62C24CE45005B1C2B /* ToDoTests.swift in Sources */,
			);
			runOnlyForDeploymentPostprocessing = 0;
		};
/* End PBXSourcesBuildPhase section */

/* Begin PBXTargetDependency section */
		6EE7E0D82C24CE45005B1C2B /* PBXTargetDependency */ = {
			isa = PBXTargetDependency;
			target = 6ED3A5F02C20372D000C3632 /* ToDo */;
			targetProxy = 6EE7E0D72C24CE45005B1C2B /* PBXContainerItemProxy */;
		};
/* End PBXTargetDependency section */

/* Begin XCBuildConfiguration section */
		6ED3A5FD2C20372F000C3632 /* Debug */ = {
			isa = XCBuildConfiguration;
			buildSettings = {
				ALWAYS_SEARCH_USER_PATHS = NO;
				ASSETCATALOG_COMPILER_GENERATE_SWIFT_ASSET_SYMBOL_EXTENSIONS = YES;
				CLANG_ANALYZER_NONNULL = YES;
				CLANG_ANALYZER_NUMBER_OBJECT_CONVERSION = YES_AGGRESSIVE;
				CLANG_CXX_LANGUAGE_STANDARD = "gnu++20";
				CLANG_ENABLE_MODULES = YES;
				CLANG_ENABLE_OBJC_ARC = YES;
				CLANG_ENABLE_OBJC_WEAK = YES;
				CLANG_WARN_BLOCK_CAPTURE_AUTORELEASING = YES;
				CLANG_WARN_BOOL_CONVERSION = YES;
				CLANG_WARN_COMMA = YES;
				CLANG_WARN_CONSTANT_CONVERSION = YES;
				CLANG_WARN_DEPRECATED_OBJC_IMPLEMENTATIONS = YES;
				CLANG_WARN_DIRECT_OBJC_ISA_USAGE = YES_ERROR;
				CLANG_WARN_DOCUMENTATION_COMMENTS = YES;
				CLANG_WARN_EMPTY_BODY = YES;
				CLANG_WARN_ENUM_CONVERSION = YES;
				CLANG_WARN_INFINITE_RECURSION = YES;
				CLANG_WARN_INT_CONVERSION = YES;
				CLANG_WARN_NON_LITERAL_NULL_CONVERSION = YES;
				CLANG_WARN_OBJC_IMPLICIT_RETAIN_SELF = YES;
				CLANG_WARN_OBJC_LITERAL_CONVERSION = YES;
				CLANG_WARN_OBJC_ROOT_CLASS = YES_ERROR;
				CLANG_WARN_QUOTED_INCLUDE_IN_FRAMEWORK_HEADER = YES;
				CLANG_WARN_RANGE_LOOP_ANALYSIS = YES;
				CLANG_WARN_STRICT_PROTOTYPES = YES;
				CLANG_WARN_SUSPICIOUS_MOVE = YES;
				CLANG_WARN_UNGUARDED_AVAILABILITY = YES_AGGRESSIVE;
				CLANG_WARN_UNREACHABLE_CODE = YES;
				CLANG_WARN__DUPLICATE_METHOD_MATCH = YES;
				COPY_PHASE_STRIP = NO;
				DEBUG_INFORMATION_FORMAT = dwarf;
				ENABLE_STRICT_OBJC_MSGSEND = YES;
				ENABLE_TESTABILITY = YES;
				ENABLE_USER_SCRIPT_SANDBOXING = NO;
				GCC_C_LANGUAGE_STANDARD = gnu17;
				GCC_DYNAMIC_NO_PIC = NO;
				GCC_NO_COMMON_BLOCKS = YES;
				GCC_OPTIMIZATION_LEVEL = 0;
				GCC_PREPROCESSOR_DEFINITIONS = (
					"DEBUG=1",
					"$(inherited)",
				);
				GCC_WARN_64_TO_32_BIT_CONVERSION = YES;
				GCC_WARN_ABOUT_RETURN_TYPE = YES_ERROR;
				GCC_WARN_UNDECLARED_SELECTOR = YES;
				GCC_WARN_UNINITIALIZED_AUTOS = YES_AGGRESSIVE;
				GCC_WARN_UNUSED_FUNCTION = YES;
				GCC_WARN_UNUSED_VARIABLE = YES;
				IPHONEOS_DEPLOYMENT_TARGET = 17.4;
				LOCALIZATION_PREFERS_STRING_CATALOGS = YES;
				MTL_ENABLE_DEBUG_INFO = INCLUDE_SOURCE;
				MTL_FAST_MATH = YES;
				ONLY_ACTIVE_ARCH = YES;
				SDKROOT = iphoneos;
				SWIFT_ACTIVE_COMPILATION_CONDITIONS = "DEBUG $(inherited)";
				SWIFT_OPTIMIZATION_LEVEL = "-Onone";
			};
			name = Debug;
		};
		6ED3A5FE2C20372F000C3632 /* Release */ = {
			isa = XCBuildConfiguration;
			buildSettings = {
				ALWAYS_SEARCH_USER_PATHS = NO;
				ASSETCATALOG_COMPILER_GENERATE_SWIFT_ASSET_SYMBOL_EXTENSIONS = YES;
				CLANG_ANALYZER_NONNULL = YES;
				CLANG_ANALYZER_NUMBER_OBJECT_CONVERSION = YES_AGGRESSIVE;
				CLANG_CXX_LANGUAGE_STANDARD = "gnu++20";
				CLANG_ENABLE_MODULES = YES;
				CLANG_ENABLE_OBJC_ARC = YES;
				CLANG_ENABLE_OBJC_WEAK = YES;
				CLANG_WARN_BLOCK_CAPTURE_AUTORELEASING = YES;
				CLANG_WARN_BOOL_CONVERSION = YES;
				CLANG_WARN_COMMA = YES;
				CLANG_WARN_CONSTANT_CONVERSION = YES;
				CLANG_WARN_DEPRECATED_OBJC_IMPLEMENTATIONS = YES;
				CLANG_WARN_DIRECT_OBJC_ISA_USAGE = YES_ERROR;
				CLANG_WARN_DOCUMENTATION_COMMENTS = YES;
				CLANG_WARN_EMPTY_BODY = YES;
				CLANG_WARN_ENUM_CONVERSION = YES;
				CLANG_WARN_INFINITE_RECURSION = YES;
				CLANG_WARN_INT_CONVERSION = YES;
				CLANG_WARN_NON_LITERAL_NULL_CONVERSION = YES;
				CLANG_WARN_OBJC_IMPLICIT_RETAIN_SELF = YES;
				CLANG_WARN_OBJC_LITERAL_CONVERSION = YES;
				CLANG_WARN_OBJC_ROOT_CLASS = YES_ERROR;
				CLANG_WARN_QUOTED_INCLUDE_IN_FRAMEWORK_HEADER = YES;
				CLANG_WARN_RANGE_LOOP_ANALYSIS = YES;
				CLANG_WARN_STRICT_PROTOTYPES = YES;
				CLANG_WARN_SUSPICIOUS_MOVE = YES;
				CLANG_WARN_UNGUARDED_AVAILABILITY = YES_AGGRESSIVE;
				CLANG_WARN_UNREACHABLE_CODE = YES;
				CLANG_WARN__DUPLICATE_METHOD_MATCH = YES;
				COPY_PHASE_STRIP = NO;
				DEBUG_INFORMATION_FORMAT = "dwarf-with-dsym";
				ENABLE_NS_ASSERTIONS = NO;
				ENABLE_STRICT_OBJC_MSGSEND = YES;
				ENABLE_USER_SCRIPT_SANDBOXING = NO;
				GCC_C_LANGUAGE_STANDARD = gnu17;
				GCC_NO_COMMON_BLOCKS = YES;
				GCC_WARN_64_TO_32_BIT_CONVERSION = YES;
				GCC_WARN_ABOUT_RETURN_TYPE = YES_ERROR;
				GCC_WARN_UNDECLARED_SELECTOR = YES;
				GCC_WARN_UNINITIALIZED_AUTOS = YES_AGGRESSIVE;
				GCC_WARN_UNUSED_FUNCTION = YES;
				GCC_WARN_UNUSED_VARIABLE = YES;
				IPHONEOS_DEPLOYMENT_TARGET = 17.4;
				LOCALIZATION_PREFERS_STRING_CATALOGS = YES;
				MTL_ENABLE_DEBUG_INFO = NO;
				MTL_FAST_MATH = YES;
				SDKROOT = iphoneos;
				SWIFT_COMPILATION_MODE = wholemodule;
				VALIDATE_PRODUCT = YES;
			};
			name = Release;
		};
		6ED3A6002C20372F000C3632 /* Debug */ = {
			isa = XCBuildConfiguration;
			baseConfigurationReference = 2B0BF5B3238593FD145359F0 /* Pods-ToDo.debug.xcconfig */;
			buildSettings = {
				ASSETCATALOG_COMPILER_APPICON_NAME = AppIcon;
				ASSETCATALOG_COMPILER_GLOBAL_ACCENT_COLOR_NAME = AccentColor;
				CODE_SIGN_STYLE = Automatic;
				CURRENT_PROJECT_VERSION = 1;
				DEVELOPMENT_ASSET_PATHS = "\"ToDo/Preview Content\"";
				DEVELOPMENT_TEAM = UGU4YXN2T7;
				ENABLE_PREVIEWS = YES;
				GENERATE_INFOPLIST_FILE = YES;
				INFOPLIST_KEY_UIApplicationSceneManifest_Generation = YES;
				INFOPLIST_KEY_UIApplicationSupportsIndirectInputEvents = YES;
				INFOPLIST_KEY_UILaunchScreen_Generation = YES;
				INFOPLIST_KEY_UISupportedInterfaceOrientations_iPad = "UIInterfaceOrientationPortrait UIInterfaceOrientationPortraitUpsideDown UIInterfaceOrientationLandscapeLeft UIInterfaceOrientationLandscapeRight";
				INFOPLIST_KEY_UISupportedInterfaceOrientations_iPhone = "UIInterfaceOrientationPortrait UIInterfaceOrientationLandscapeLeft UIInterfaceOrientationLandscapeRight";
				LD_RUNPATH_SEARCH_PATHS = (
					"$(inherited)",
					"@executable_path/Frameworks",
				);
				MARKETING_VERSION = 1.0;
				PRODUCT_BUNDLE_IDENTIFIER = com.Hristina.ToDo;
				PRODUCT_NAME = "$(TARGET_NAME)";
				SWIFT_EMIT_LOC_STRINGS = YES;
				SWIFT_VERSION = 5.0;
				TARGETED_DEVICE_FAMILY = "1,2";
			};
			name = Debug;
		};
		6ED3A6012C20372F000C3632 /* Release */ = {
			isa = XCBuildConfiguration;
			baseConfigurationReference = 1BC2704E7CB311C1B007B93C /* Pods-ToDo.release.xcconfig */;
			buildSettings = {
				ASSETCATALOG_COMPILER_APPICON_NAME = AppIcon;
				ASSETCATALOG_COMPILER_GLOBAL_ACCENT_COLOR_NAME = AccentColor;
				CODE_SIGN_STYLE = Automatic;
				CURRENT_PROJECT_VERSION = 1;
				DEVELOPMENT_ASSET_PATHS = "\"ToDo/Preview Content\"";
				DEVELOPMENT_TEAM = UGU4YXN2T7;
				ENABLE_PREVIEWS = YES;
				GENERATE_INFOPLIST_FILE = YES;
				INFOPLIST_KEY_UIApplicationSceneManifest_Generation = YES;
				INFOPLIST_KEY_UIApplicationSupportsIndirectInputEvents = YES;
				INFOPLIST_KEY_UILaunchScreen_Generation = YES;
				INFOPLIST_KEY_UISupportedInterfaceOrientations_iPad = "UIInterfaceOrientationPortrait UIInterfaceOrientationPortraitUpsideDown UIInterfaceOrientationLandscapeLeft UIInterfaceOrientationLandscapeRight";
				INFOPLIST_KEY_UISupportedInterfaceOrientations_iPhone = "UIInterfaceOrientationPortrait UIInterfaceOrientationLandscapeLeft UIInterfaceOrientationLandscapeRight";
				LD_RUNPATH_SEARCH_PATHS = (
					"$(inherited)",
					"@executable_path/Frameworks",
				);
				MARKETING_VERSION = 1.0;
				PRODUCT_BUNDLE_IDENTIFIER = com.Hristina.ToDo;
				PRODUCT_NAME = "$(TARGET_NAME)";
				SWIFT_EMIT_LOC_STRINGS = YES;
				SWIFT_VERSION = 5.0;
				TARGETED_DEVICE_FAMILY = "1,2";
			};
			name = Release;
		};
		6EE7E0D92C24CE45005B1C2B /* Debug */ = {
			isa = XCBuildConfiguration;
			baseConfigurationReference = 7B568300310B89FA4A54BFEF /* Pods-ToDoTests.debug.xcconfig */;
			buildSettings = {
				BUNDLE_LOADER = "$(TEST_HOST)";
				CODE_SIGN_STYLE = Automatic;
				CURRENT_PROJECT_VERSION = 1;
				DEVELOPMENT_TEAM = UGU4YXN2T7;
				GENERATE_INFOPLIST_FILE = YES;
				MARKETING_VERSION = 1.0;
				PRODUCT_BUNDLE_IDENTIFIER = MDF.ToDoTests;
				PRODUCT_NAME = "$(TARGET_NAME)";
				SWIFT_EMIT_LOC_STRINGS = NO;
				SWIFT_VERSION = 5.0;
				TARGETED_DEVICE_FAMILY = "1,2";
				TEST_HOST = "$(BUILT_PRODUCTS_DIR)/ToDo.app/$(BUNDLE_EXECUTABLE_FOLDER_PATH)/ToDo";
			};
			name = Debug;
		};
		6EE7E0DA2C24CE45005B1C2B /* Release */ = {
			isa = XCBuildConfiguration;
			baseConfigurationReference = F6B719C1CF243F5EEBCA2170 /* Pods-ToDoTests.release.xcconfig */;
			buildSettings = {
				BUNDLE_LOADER = "$(TEST_HOST)";
				CODE_SIGN_STYLE = Automatic;
				CURRENT_PROJECT_VERSION = 1;
				DEVELOPMENT_TEAM = UGU4YXN2T7;
				GENERATE_INFOPLIST_FILE = YES;
				MARKETING_VERSION = 1.0;
				PRODUCT_BUNDLE_IDENTIFIER = MDF.ToDoTests;
				PRODUCT_NAME = "$(TARGET_NAME)";
				SWIFT_EMIT_LOC_STRINGS = NO;
				SWIFT_VERSION = 5.0;
				TARGETED_DEVICE_FAMILY = "1,2";
				TEST_HOST = "$(BUILT_PRODUCTS_DIR)/ToDo.app/$(BUNDLE_EXECUTABLE_FOLDER_PATH)/ToDo";
			};
			name = Release;
		};
/* End XCBuildConfiguration section */

/* Begin XCConfigurationList section */
		6ED3A5EC2C20372D000C3632 /* Build configuration list for PBXProject "ToDo" */ = {
			isa = XCConfigurationList;
			buildConfigurations = (
				6ED3A5FD2C20372F000C3632 /* Debug */,
				6ED3A5FE2C20372F000C3632 /* Release */,
			);
			defaultConfigurationIsVisible = 0;
			defaultConfigurationName = Release;
		};
		6ED3A5FF2C20372F000C3632 /* Build configuration list for PBXNativeTarget "ToDo" */ = {
			isa = XCConfigurationList;
			buildConfigurations = (
				6ED3A6002C20372F000C3632 /* Debug */,
				6ED3A6012C20372F000C3632 /* Release */,
			);
			defaultConfigurationIsVisible = 0;
			defaultConfigurationName = Release;
		};
		6EE7E0DB2C24CE45005B1C2B /* Build configuration list for PBXNativeTarget "ToDoTests" */ = {
			isa = XCConfigurationList;
			buildConfigurations = (
				6EE7E0D92C24CE45005B1C2B /* Debug */,
				6EE7E0DA2C24CE45005B1C2B /* Release */,
			);
			defaultConfigurationIsVisible = 0;
			defaultConfigurationName = Release;
		};
/* End XCConfigurationList section */

/* Begin XCRemoteSwiftPackageReference section */
		6E1366272C406F0200EFEBFD /* XCRemoteSwiftPackageReference "CocoaLumberjack" */ = {
			isa = XCRemoteSwiftPackageReference;
			repositoryURL = "https://github.com/CocoaLumberjack/CocoaLumberjack";
			requirement = {
				kind = upToNextMajorVersion;
				minimumVersion = 3.8.5;
			};
		};
/* End XCRemoteSwiftPackageReference section */

/* Begin XCSwiftPackageProductDependency section */
		6E1366282C406F0200EFEBFD /* CocoaLumberjack */ = {
			isa = XCSwiftPackageProductDependency;
			package = 6E1366272C406F0200EFEBFD /* XCRemoteSwiftPackageReference "CocoaLumberjack" */;
			productName = CocoaLumberjack;
		};
		6E13662A2C406F0200EFEBFD /* CocoaLumberjackSwift */ = {
			isa = XCSwiftPackageProductDependency;
			package = 6E1366272C406F0200EFEBFD /* XCRemoteSwiftPackageReference "CocoaLumberjack" */;
			productName = CocoaLumberjackSwift;
		};
		6E13662C2C406F0200EFEBFD /* CocoaLumberjackSwiftLogBackend */ = {
			isa = XCSwiftPackageProductDependency;
			package = 6E1366272C406F0200EFEBFD /* XCRemoteSwiftPackageReference "CocoaLumberjack" */;
			productName = CocoaLumberjackSwiftLogBackend;
		};
/* End XCSwiftPackageProductDependency section */
	};
	rootObject = 6ED3A5E92C20372D000C3632 /* Project object */;
}
